
Microsoft Visual Studio Solution File, Format Version 12.00
# Visual Studio Version 16
VisualStudioVersion = 16.0.35229.62
MinimumVisualStudioVersion = 10.0.40219.1
Project("{FAE04EC0-301F-11D3-BF4B-00C04F79EFBC}") = "ChatGPTTeszt", "ChatGPTTeszt.csproj", "{DFA92D94-4743-498B-96C4-7E0641219721}"
EndProject
Global
	GlobalSection(SolutionConfigurationPlatforms) = preSolution
		Debug|Any CPU = Debug|Any CPU
		Release|Any CPU = Release|Any CPU
	EndGlobalSection
	GlobalSection(ProjectConfigurationPlatforms) = postSolution
		{DFA92D94-4743-498B-96C4-7E0641219721}.Debug|Any CPU.ActiveCfg = Debug|Any CPU
		{DFA92D94-4743-498B-96C4-7E0641219721}.Debug|Any CPU.Build.0 = Debug|Any CPU
		{DFA92D94-4743-498B-96C4-7E0641219721}.Release|Any CPU.ActiveCfg = Release|Any CPU
		{DFA92D94-4743-498B-96C4-7E0641219721}.Release|Any CPU.Build.0 = Release|Any CPU
	EndGlobalSection
	GlobalSection(SolutionProperties) = preSolution
		HideSolutionNode = FALSE
	EndGlobalSection
	GlobalSection(ExtensibilityGlobals) = postSolution
		SolutionGuid = {67D58252-AF74-4654-8820-356461008AC5}
	EndGlobalSection
EndGlobal
