
Microsoft Visual Studio Solution File, Format Version 12.00
# Visual Studio Version 16
VisualStudioVersion = 16.0.35229.62
MinimumVisualStudioVersion = 10.0.40219.1
Project("{FAE04EC0-301F-11D3-BF4B-00C04F79EFBC}") = "ListBox_Gyak2", "ListBox_Gyak2.csproj", "{A1FDA11C-1233-420D-86AA-ABFDD2AC8A98}"
EndProject
Global
	GlobalSection(SolutionConfigurationPlatforms) = preSolution
		Debug|Any CPU = Debug|Any CPU
		Release|Any CPU = Release|Any CPU
	EndGlobalSection
	GlobalSection(ProjectConfigurationPlatforms) = postSolution
		{A1FDA11C-1233-420D-86AA-ABFDD2AC8A98}.Debug|Any CPU.ActiveCfg = Debug|Any CPU
		{A1FDA11C-1233-420D-86AA-ABFDD2AC8A98}.Debug|Any CPU.Build.0 = Debug|Any CPU
		{A1FDA11C-1233-420D-86AA-ABFDD2AC8A98}.Release|Any CPU.ActiveCfg = Release|Any CPU
		{A1FDA11C-1233-420D-86AA-ABFDD2AC8A98}.Release|Any CPU.Build.0 = Release|Any CPU
	EndGlobalSection
	GlobalSection(SolutionProperties) = preSolution
		HideSolutionNode = FALSE
	EndGlobalSection
	GlobalSection(ExtensibilityGlobals) = postSolution
		SolutionGuid = {587A8C21-D16F-429A-923A-78093B28AD8B}
	EndGlobalSection
EndGlobal
