
Microsoft Visual Studio Solution File, Format Version 12.00
# Visual Studio Version 16
VisualStudioVersion = 16.0.35229.62
MinimumVisualStudioVersion = 10.0.40219.1
Project("{FAE04EC0-301F-11D3-BF4B-00C04F79EFBC}") = "Checkbox", "Checkbox.csproj", "{5377DBF3-82D8-4B2C-BE5E-B4516AA120F1}"
EndProject
Global
	GlobalSection(SolutionConfigurationPlatforms) = preSolution
		Debug|Any CPU = Debug|Any CPU
		Release|Any CPU = Release|Any CPU
	EndGlobalSection
	GlobalSection(ProjectConfigurationPlatforms) = postSolution
		{5377DBF3-82D8-4B2C-BE5E-B4516AA120F1}.Debug|Any CPU.ActiveCfg = Debug|Any CPU
		{5377DBF3-82D8-4B2C-BE5E-B4516AA120F1}.Debug|Any CPU.Build.0 = Debug|Any CPU
		{5377DBF3-82D8-4B2C-BE5E-B4516AA120F1}.Release|Any CPU.ActiveCfg = Release|Any CPU
		{5377DBF3-82D8-4B2C-BE5E-B4516AA120F1}.Release|Any CPU.Build.0 = Release|Any CPU
	EndGlobalSection
	GlobalSection(SolutionProperties) = preSolution
		HideSolutionNode = FALSE
	EndGlobalSection
	GlobalSection(ExtensibilityGlobals) = postSolution
		SolutionGuid = {E68E286E-3D16-4902-AA80-2B87F552F308}
	EndGlobalSection
EndGlobal
