
Microsoft Visual Studio Solution File, Format Version 12.00
# Visual Studio Version 16
VisualStudioVersion = 16.0.35229.62
MinimumVisualStudioVersion = 10.0.40219.1
Project("{FAE04EC0-301F-11D3-BF4B-00C04F79EFBC}") = "Listbox_Gyakorlás", "Listbox_Gyakorlás.csproj", "{C7C04220-DE0C-43CC-A043-F8B0F5ECE10F}"
EndProject
Global
	GlobalSection(SolutionConfigurationPlatforms) = preSolution
		Debug|Any CPU = Debug|Any CPU
		Release|Any CPU = Release|Any CPU
	EndGlobalSection
	GlobalSection(ProjectConfigurationPlatforms) = postSolution
		{C7C04220-DE0C-43CC-A043-F8B0F5ECE10F}.Debug|Any CPU.ActiveCfg = Debug|Any CPU
		{C7C04220-DE0C-43CC-A043-F8B0F5ECE10F}.Debug|Any CPU.Build.0 = Debug|Any CPU
		{C7C04220-DE0C-43CC-A043-F8B0F5ECE10F}.Release|Any CPU.ActiveCfg = Release|Any CPU
		{C7C04220-DE0C-43CC-A043-F8B0F5ECE10F}.Release|Any CPU.Build.0 = Release|Any CPU
	EndGlobalSection
	GlobalSection(SolutionProperties) = preSolution
		HideSolutionNode = FALSE
	EndGlobalSection
	GlobalSection(ExtensibilityGlobals) = postSolution
		SolutionGuid = {91D61F37-3554-42D6-8C03-FD8EF2585208}
	EndGlobalSection
EndGlobal
