
Microsoft Visual Studio Solution File, Format Version 12.00
# Visual Studio Version 16
VisualStudioVersion = 16.0.35229.62
MinimumVisualStudioVersion = 10.0.40219.1
Project("{FAE04EC0-301F-11D3-BF4B-00C04F79EFBC}") = "AutoMárkaVálasztás", "AutoMárkaVálasztás.csproj", "{F89776F3-A685-4935-8097-12AC3A78A3F9}"
EndProject
Global
	GlobalSection(SolutionConfigurationPlatforms) = preSolution
		Debug|Any CPU = Debug|Any CPU
		Release|Any CPU = Release|Any CPU
	EndGlobalSection
	GlobalSection(ProjectConfigurationPlatforms) = postSolution
		{F89776F3-A685-4935-8097-12AC3A78A3F9}.Debug|Any CPU.ActiveCfg = Debug|Any CPU
		{F89776F3-A685-4935-8097-12AC3A78A3F9}.Debug|Any CPU.Build.0 = Debug|Any CPU
		{F89776F3-A685-4935-8097-12AC3A78A3F9}.Release|Any CPU.ActiveCfg = Release|Any CPU
		{F89776F3-A685-4935-8097-12AC3A78A3F9}.Release|Any CPU.Build.0 = Release|Any CPU
	EndGlobalSection
	GlobalSection(SolutionProperties) = preSolution
		HideSolutionNode = FALSE
	EndGlobalSection
	GlobalSection(ExtensibilityGlobals) = postSolution
		SolutionGuid = {9D333E3B-8763-44A9-B403-60D4FD3603FD}
	EndGlobalSection
EndGlobal
