
Microsoft Visual Studio Solution File, Format Version 12.00
# Visual Studio Version 17
VisualStudioVersion = 17.14.37111.16 d17.14
MinimumVisualStudioVersion = 10.0.40219.1
Project("{FAE04EC0-301F-11D3-BF4B-00C04F79EFBC}") = "Otthoni_03.29", "Otthoni_03.29.csproj", "{AF16DCC4-6706-4599-B65F-6AE20A31B3D9}"
EndProject
Global
	GlobalSection(SolutionConfigurationPlatforms) = preSolution
		Debug|Any CPU = Debug|Any CPU
		Release|Any CPU = Release|Any CPU
	EndGlobalSection
	GlobalSection(ProjectConfigurationPlatforms) = postSolution
		{AF16DCC4-6706-4599-B65F-6AE20A31B3D9}.Debug|Any CPU.ActiveCfg = Debug|Any CPU
		{AF16DCC4-6706-4599-B65F-6AE20A31B3D9}.Debug|Any CPU.Build.0 = Debug|Any CPU
		{AF16DCC4-6706-4599-B65F-6AE20A31B3D9}.Release|Any CPU.ActiveCfg = Release|Any CPU
		{AF16DCC4-6706-4599-B65F-6AE20A31B3D9}.Release|Any CPU.Build.0 = Release|Any CPU
	EndGlobalSection
	GlobalSection(SolutionProperties) = preSolution
		HideSolutionNode = FALSE
	EndGlobalSection
	GlobalSection(ExtensibilityGlobals) = postSolution
		SolutionGuid = {7284742F-5FF4-4656-9FCB-C25F3C525548}
	EndGlobalSection
EndGlobal
