
Microsoft Visual Studio Solution File, Format Version 12.00
# Visual Studio Version 16
VisualStudioVersion = 16.0.35229.62
MinimumVisualStudioVersion = 10.0.40219.1
Project("{FAE04EC0-301F-11D3-BF4B-00C04F79EFBC}") = "Foci", "Foci.csproj", "{13E24A2F-A4A8-4B9E-8C49-7894199E8F78}"
EndProject
Global
	GlobalSection(SolutionConfigurationPlatforms) = preSolution
		Debug|Any CPU = Debug|Any CPU
		Release|Any CPU = Release|Any CPU
	EndGlobalSection
	GlobalSection(ProjectConfigurationPlatforms) = postSolution
		{13E24A2F-A4A8-4B9E-8C49-7894199E8F78}.Debug|Any CPU.ActiveCfg = Debug|Any CPU
		{13E24A2F-A4A8-4B9E-8C49-7894199E8F78}.Debug|Any CPU.Build.0 = Debug|Any CPU
		{13E24A2F-A4A8-4B9E-8C49-7894199E8F78}.Release|Any CPU.ActiveCfg = Release|Any CPU
		{13E24A2F-A4A8-4B9E-8C49-7894199E8F78}.Release|Any CPU.Build.0 = Release|Any CPU
	EndGlobalSection
	GlobalSection(SolutionProperties) = preSolution
		HideSolutionNode = FALSE
	EndGlobalSection
	GlobalSection(ExtensibilityGlobals) = postSolution
		SolutionGuid = {E29055F2-8AFA-43E8-B390-6B39530847B2}
	EndGlobalSection
EndGlobal
